
Microsoft Visual Studio Solution File, Format Version 12.00
# Visual Studio Version 17
VisualStudioVersion = 17.4.33103.184
MinimumVisualStudioVersion = 10.0.40219.1
Project("{FAE04EC0-301F-11D3-BF4B-00C04F79EFBC}") = "ConsoleInicializacionMatrizUni", "ConsoleInicializacionMatrizUni\ConsoleInicializacionMatrizUni.csproj", "{C6DD13F8-686D-4DCC-BF56-24F3373FE793}"
EndProject
Global
	GlobalSection(SolutionConfigurationPlatforms) = preSolution
		Debug|Any CPU = Debug|Any CPU
		Release|Any CPU = Release|Any CPU
	EndGlobalSection
	GlobalSection(ProjectConfigurationPlatforms) = postSolution
		{C6DD13F8-686D-4DCC-BF56-24F3373FE793}.Debug|Any CPU.ActiveCfg = Debug|Any CPU
		{C6DD13F8-686D-4DCC-BF56-24F3373FE793}.Debug|Any CPU.Build.0 = Debug|Any CPU
		{C6DD13F8-686D-4DCC-BF56-24F3373FE793}.Release|Any CPU.ActiveCfg = Release|Any CPU
		{C6DD13F8-686D-4DCC-BF56-24F3373FE793}.Release|Any CPU.Build.0 = Release|Any CPU
	EndGlobalSection
	GlobalSection(SolutionProperties) = preSolution
		HideSolutionNode = FALSE
	EndGlobalSection
	GlobalSection(ExtensibilityGlobals) = postSolution
		SolutionGuid = {684AD671-1A22-4377-9F0B-45FD5312DE0D}
	EndGlobalSection
EndGlobal
