
Microsoft Visual Studio Solution File, Format Version 12.00
# Visual Studio Version 17
VisualStudioVersion = 17.11.35312.102
MinimumVisualStudioVersion = 10.0.40219.1
Project("{FAE04EC0-301F-11D3-BF4B-00C04F79EFBC}") = "MetodoCompare", "MetodoCompare.csproj", "{8BB96B0B-084A-406C-9109-A6BE05682A9C}"
EndProject
Global
	GlobalSection(SolutionConfigurationPlatforms) = preSolution
		Debug|Any CPU = Debug|Any CPU
		Release|Any CPU = Release|Any CPU
	EndGlobalSection
	GlobalSection(ProjectConfigurationPlatforms) = postSolution
		{8BB96B0B-084A-406C-9109-A6BE05682A9C}.Debug|Any CPU.ActiveCfg = Debug|Any CPU
		{8BB96B0B-084A-406C-9109-A6BE05682A9C}.Debug|Any CPU.Build.0 = Debug|Any CPU
		{8BB96B0B-084A-406C-9109-A6BE05682A9C}.Release|Any CPU.ActiveCfg = Release|Any CPU
		{8BB96B0B-084A-406C-9109-A6BE05682A9C}.Release|Any CPU.Build.0 = Release|Any CPU
	EndGlobalSection
	GlobalSection(SolutionProperties) = preSolution
		HideSolutionNode = FALSE
	EndGlobalSection
	GlobalSection(ExtensibilityGlobals) = postSolution
		SolutionGuid = {D595637D-CAF3-4192-8AE9-9196F7D197C1}
	EndGlobalSection
EndGlobal
