
Microsoft Visual Studio Solution File, Format Version 12.00
# Visual Studio Version 17
VisualStudioVersion = 17.4.33103.184
MinimumVisualStudioVersion = 10.0.40219.1
Project("{FAE04EC0-301F-11D3-BF4B-00C04F79EFBC}") = "ConsoleEjercicioDo", "ConsoleEjercicioDo\ConsoleEjercicioDo.csproj", "{7B2A18E2-992E-4138-8669-D0EEE7FE785F}"
EndProject
Global
	GlobalSection(SolutionConfigurationPlatforms) = preSolution
		Debug|Any CPU = Debug|Any CPU
		Release|Any CPU = Release|Any CPU
	EndGlobalSection
	GlobalSection(ProjectConfigurationPlatforms) = postSolution
		{7B2A18E2-992E-4138-8669-D0EEE7FE785F}.Debug|Any CPU.ActiveCfg = Debug|Any CPU
		{7B2A18E2-992E-4138-8669-D0EEE7FE785F}.Debug|Any CPU.Build.0 = Debug|Any CPU
		{7B2A18E2-992E-4138-8669-D0EEE7FE785F}.Release|Any CPU.ActiveCfg = Release|Any CPU
		{7B2A18E2-992E-4138-8669-D0EEE7FE785F}.Release|Any CPU.Build.0 = Release|Any CPU
	EndGlobalSection
	GlobalSection(SolutionProperties) = preSolution
		HideSolutionNode = FALSE
	EndGlobalSection
	GlobalSection(ExtensibilityGlobals) = postSolution
		SolutionGuid = {25A254E2-BEC2-4484-B9EF-1A01191CE849}
	EndGlobalSection
EndGlobal
