
Microsoft Visual Studio Solution File, Format Version 12.00
# Visual Studio Version 17
VisualStudioVersion = 17.4.33103.184
MinimumVisualStudioVersion = 10.0.40219.1
Project("{FAE04EC0-301F-11D3-BF4B-00C04F79EFBC}") = "ConsolePasarPorValor", "ConsolePasarPorValor\ConsolePasarPorValor.csproj", "{7AFAA928-B7DE-4CFE-BFC4-D40B5B7BE066}"
EndProject
Global
	GlobalSection(SolutionConfigurationPlatforms) = preSolution
		Debug|Any CPU = Debug|Any CPU
		Release|Any CPU = Release|Any CPU
	EndGlobalSection
	GlobalSection(ProjectConfigurationPlatforms) = postSolution
		{7AFAA928-B7DE-4CFE-BFC4-D40B5B7BE066}.Debug|Any CPU.ActiveCfg = Debug|Any CPU
		{7AFAA928-B7DE-4CFE-BFC4-D40B5B7BE066}.Debug|Any CPU.Build.0 = Debug|Any CPU
		{7AFAA928-B7DE-4CFE-BFC4-D40B5B7BE066}.Release|Any CPU.ActiveCfg = Release|Any CPU
		{7AFAA928-B7DE-4CFE-BFC4-D40B5B7BE066}.Release|Any CPU.Build.0 = Release|Any CPU
	EndGlobalSection
	GlobalSection(SolutionProperties) = preSolution
		HideSolutionNode = FALSE
	EndGlobalSection
	GlobalSection(ExtensibilityGlobals) = postSolution
		SolutionGuid = {B73FCE49-7C25-48B1-B977-7048BD707A54}
	EndGlobalSection
EndGlobal
