
Microsoft Visual Studio Solution File, Format Version 12.00
# Visual Studio Version 17
VisualStudioVersion = 17.4.33103.184
MinimumVisualStudioVersion = 10.0.40219.1
Project("{FAE04EC0-301F-11D3-BF4B-00C04F79EFBC}") = "ConsoleTarea2Ejercicio2", "ConsoleTarea2Ejercicio2\ConsoleTarea2Ejercicio2.csproj", "{50FD7FA3-ED08-4DAF-B107-B914859C98AF}"
EndProject
Global
	GlobalSection(SolutionConfigurationPlatforms) = preSolution
		Debug|Any CPU = Debug|Any CPU
		Release|Any CPU = Release|Any CPU
	EndGlobalSection
	GlobalSection(ProjectConfigurationPlatforms) = postSolution
		{50FD7FA3-ED08-4DAF-B107-B914859C98AF}.Debug|Any CPU.ActiveCfg = Debug|Any CPU
		{50FD7FA3-ED08-4DAF-B107-B914859C98AF}.Debug|Any CPU.Build.0 = Debug|Any CPU
		{50FD7FA3-ED08-4DAF-B107-B914859C98AF}.Release|Any CPU.ActiveCfg = Release|Any CPU
		{50FD7FA3-ED08-4DAF-B107-B914859C98AF}.Release|Any CPU.Build.0 = Release|Any CPU
	EndGlobalSection
	GlobalSection(SolutionProperties) = preSolution
		HideSolutionNode = FALSE
	EndGlobalSection
	GlobalSection(ExtensibilityGlobals) = postSolution
		SolutionGuid = {2B67C9B2-1A27-4269-B3EE-994579724575}
	EndGlobalSection
EndGlobal
