
Microsoft Visual Studio Solution File, Format Version 12.00
# Visual Studio Version 17
VisualStudioVersion = 17.11.35222.181
MinimumVisualStudioVersion = 10.0.40219.1
Project("{FAE04EC0-301F-11D3-BF4B-00C04F79EFBC}") = "ClaseStringBuilder", "ClaseStringBuilder\ClaseStringBuilder.csproj", "{7D1DF82E-C243-483A-B039-49BE2CCAF41E}"
EndProject
Global
	GlobalSection(SolutionConfigurationPlatforms) = preSolution
		Debug|Any CPU = Debug|Any CPU
		Release|Any CPU = Release|Any CPU
	EndGlobalSection
	GlobalSection(ProjectConfigurationPlatforms) = postSolution
		{7D1DF82E-C243-483A-B039-49BE2CCAF41E}.Debug|Any CPU.ActiveCfg = Debug|Any CPU
		{7D1DF82E-C243-483A-B039-49BE2CCAF41E}.Debug|Any CPU.Build.0 = Debug|Any CPU
		{7D1DF82E-C243-483A-B039-49BE2CCAF41E}.Release|Any CPU.ActiveCfg = Release|Any CPU
		{7D1DF82E-C243-483A-B039-49BE2CCAF41E}.Release|Any CPU.Build.0 = Release|Any CPU
	EndGlobalSection
	GlobalSection(SolutionProperties) = preSolution
		HideSolutionNode = FALSE
	EndGlobalSection
	GlobalSection(ExtensibilityGlobals) = postSolution
		SolutionGuid = {45FB9CB6-CE7C-4EFF-866C-8030E27CF42C}
	EndGlobalSection
EndGlobal
