
Microsoft Visual Studio Solution File, Format Version 12.00
# Visual Studio Version 17
VisualStudioVersion = 17.4.33103.184
MinimumVisualStudioVersion = 10.0.40219.1
Project("{FAE04EC0-301F-11D3-BF4B-00C04F79EFBC}") = "MatricesComoArgumentos", "MatricesComoArgumentos\MatricesComoArgumentos.csproj", "{0D006250-3D9F-4E37-85D0-CF62A5E64B0E}"
EndProject
Global
	GlobalSection(SolutionConfigurationPlatforms) = preSolution
		Debug|Any CPU = Debug|Any CPU
		Release|Any CPU = Release|Any CPU
	EndGlobalSection
	GlobalSection(ProjectConfigurationPlatforms) = postSolution
		{0D006250-3D9F-4E37-85D0-CF62A5E64B0E}.Debug|Any CPU.ActiveCfg = Debug|Any CPU
		{0D006250-3D9F-4E37-85D0-CF62A5E64B0E}.Debug|Any CPU.Build.0 = Debug|Any CPU
		{0D006250-3D9F-4E37-85D0-CF62A5E64B0E}.Release|Any CPU.ActiveCfg = Release|Any CPU
		{0D006250-3D9F-4E37-85D0-CF62A5E64B0E}.Release|Any CPU.Build.0 = Release|Any CPU
	EndGlobalSection
	GlobalSection(SolutionProperties) = preSolution
		HideSolutionNode = FALSE
	EndGlobalSection
	GlobalSection(ExtensibilityGlobals) = postSolution
		SolutionGuid = {DFF15F27-5E34-427A-AE11-4DE063B8E074}
	EndGlobalSection
EndGlobal
