
Microsoft Visual Studio Solution File, Format Version 12.00
# Visual Studio Version 17
VisualStudioVersion = 17.4.33103.184
MinimumVisualStudioVersion = 10.0.40219.1
Project("{FAE04EC0-301F-11D3-BF4B-00C04F79EFBC}") = "GetLength", "GetLength\GetLength.csproj", "{60552FD7-C4A3-4F0A-9AF9-726752586C0F}"
EndProject
Global
	GlobalSection(SolutionConfigurationPlatforms) = preSolution
		Debug|Any CPU = Debug|Any CPU
		Release|Any CPU = Release|Any CPU
	EndGlobalSection
	GlobalSection(ProjectConfigurationPlatforms) = postSolution
		{60552FD7-C4A3-4F0A-9AF9-726752586C0F}.Debug|Any CPU.ActiveCfg = Debug|Any CPU
		{60552FD7-C4A3-4F0A-9AF9-726752586C0F}.Debug|Any CPU.Build.0 = Debug|Any CPU
		{60552FD7-C4A3-4F0A-9AF9-726752586C0F}.Release|Any CPU.ActiveCfg = Release|Any CPU
		{60552FD7-C4A3-4F0A-9AF9-726752586C0F}.Release|Any CPU.Build.0 = Release|Any CPU
	EndGlobalSection
	GlobalSection(SolutionProperties) = preSolution
		HideSolutionNode = FALSE
	EndGlobalSection
	GlobalSection(ExtensibilityGlobals) = postSolution
		SolutionGuid = {3A4BF859-41BE-4119-815A-CE3A9EB083A4}
	EndGlobalSection
EndGlobal
