
Microsoft Visual Studio Solution File, Format Version 12.00
# Visual Studio Version 17
VisualStudioVersion = 17.4.33103.184
MinimumVisualStudioVersion = 10.0.40219.1
Project("{FAE04EC0-301F-11D3-BF4B-00C04F79EFBC}") = "ConsoleTarea3Ejercicio1", "ConsoleTarea3Ejercicio1\ConsoleTarea3Ejercicio1.csproj", "{F045837B-8E22-43EA-9EF4-239B266B8577}"
EndProject
Global
	GlobalSection(SolutionConfigurationPlatforms) = preSolution
		Debug|Any CPU = Debug|Any CPU
		Release|Any CPU = Release|Any CPU
	EndGlobalSection
	GlobalSection(ProjectConfigurationPlatforms) = postSolution
		{F045837B-8E22-43EA-9EF4-239B266B8577}.Debug|Any CPU.ActiveCfg = Debug|Any CPU
		{F045837B-8E22-43EA-9EF4-239B266B8577}.Debug|Any CPU.Build.0 = Debug|Any CPU
		{F045837B-8E22-43EA-9EF4-239B266B8577}.Release|Any CPU.ActiveCfg = Release|Any CPU
		{F045837B-8E22-43EA-9EF4-239B266B8577}.Release|Any CPU.Build.0 = Release|Any CPU
	EndGlobalSection
	GlobalSection(SolutionProperties) = preSolution
		HideSolutionNode = FALSE
	EndGlobalSection
	GlobalSection(ExtensibilityGlobals) = postSolution
		SolutionGuid = {096FD89B-41F9-4EB2-98B7-CF5FF4EB2ABD}
	EndGlobalSection
EndGlobal
