
Microsoft Visual Studio Solution File, Format Version 12.00
# Visual Studio Version 17
VisualStudioVersion = 17.4.33103.184
MinimumVisualStudioVersion = 10.0.40219.1
Project("{FAE04EC0-301F-11D3-BF4B-00C04F79EFBC}") = "ConsoleTarea5Ejercicio1", "ConsoleTarea5Ejercicio1\ConsoleTarea5Ejercicio1.csproj", "{10DAE45C-0C6B-45E5-A121-717F0E987FB0}"
EndProject
Global
	GlobalSection(SolutionConfigurationPlatforms) = preSolution
		Debug|Any CPU = Debug|Any CPU
		Release|Any CPU = Release|Any CPU
	EndGlobalSection
	GlobalSection(ProjectConfigurationPlatforms) = postSolution
		{10DAE45C-0C6B-45E5-A121-717F0E987FB0}.Debug|Any CPU.ActiveCfg = Debug|Any CPU
		{10DAE45C-0C6B-45E5-A121-717F0E987FB0}.Debug|Any CPU.Build.0 = Debug|Any CPU
		{10DAE45C-0C6B-45E5-A121-717F0E987FB0}.Release|Any CPU.ActiveCfg = Release|Any CPU
		{10DAE45C-0C6B-45E5-A121-717F0E987FB0}.Release|Any CPU.Build.0 = Release|Any CPU
	EndGlobalSection
	GlobalSection(SolutionProperties) = preSolution
		HideSolutionNode = FALSE
	EndGlobalSection
	GlobalSection(ExtensibilityGlobals) = postSolution
		SolutionGuid = {9FE0BAAF-B6FE-495E-B720-EBC5757013AA}
	EndGlobalSection
EndGlobal
