
Microsoft Visual Studio Solution File, Format Version 12.00
# Visual Studio Version 17
VisualStudioVersion = 17.4.33103.184
MinimumVisualStudioVersion = 10.0.40219.1
Project("{FAE04EC0-301F-11D3-BF4B-00C04F79EFBC}") = "propiedadLength", "propiedadLength\propiedadLength.csproj", "{062F2D16-B830-401E-AFB5-C689CA8BF9E0}"
EndProject
Global
	GlobalSection(SolutionConfigurationPlatforms) = preSolution
		Debug|Any CPU = Debug|Any CPU
		Release|Any CPU = Release|Any CPU
	EndGlobalSection
	GlobalSection(ProjectConfigurationPlatforms) = postSolution
		{062F2D16-B830-401E-AFB5-C689CA8BF9E0}.Debug|Any CPU.ActiveCfg = Debug|Any CPU
		{062F2D16-B830-401E-AFB5-C689CA8BF9E0}.Debug|Any CPU.Build.0 = Debug|Any CPU
		{062F2D16-B830-401E-AFB5-C689CA8BF9E0}.Release|Any CPU.ActiveCfg = Release|Any CPU
		{062F2D16-B830-401E-AFB5-C689CA8BF9E0}.Release|Any CPU.Build.0 = Release|Any CPU
	EndGlobalSection
	GlobalSection(SolutionProperties) = preSolution
		HideSolutionNode = FALSE
	EndGlobalSection
	GlobalSection(ExtensibilityGlobals) = postSolution
		SolutionGuid = {6D49EF6A-7F67-4E89-BA4E-A0690D7259F6}
	EndGlobalSection
EndGlobal
