
Microsoft Visual Studio Solution File, Format Version 12.00
# Visual Studio Version 17
VisualStudioVersion = 17.4.33103.184
MinimumVisualStudioVersion = 10.0.40219.1
Project("{FAE04EC0-301F-11D3-BF4B-00C04F79EFBC}") = "ConsoleOut2", "ConsoleOut2\ConsoleOut2.csproj", "{D6FFC1C9-B2AB-49CA-B5A8-790F182F1AB3}"
EndProject
Global
	GlobalSection(SolutionConfigurationPlatforms) = preSolution
		Debug|Any CPU = Debug|Any CPU
		Release|Any CPU = Release|Any CPU
	EndGlobalSection
	GlobalSection(ProjectConfigurationPlatforms) = postSolution
		{D6FFC1C9-B2AB-49CA-B5A8-790F182F1AB3}.Debug|Any CPU.ActiveCfg = Debug|Any CPU
		{D6FFC1C9-B2AB-49CA-B5A8-790F182F1AB3}.Debug|Any CPU.Build.0 = Debug|Any CPU
		{D6FFC1C9-B2AB-49CA-B5A8-790F182F1AB3}.Release|Any CPU.ActiveCfg = Release|Any CPU
		{D6FFC1C9-B2AB-49CA-B5A8-790F182F1AB3}.Release|Any CPU.Build.0 = Release|Any CPU
	EndGlobalSection
	GlobalSection(SolutionProperties) = preSolution
		HideSolutionNode = FALSE
	EndGlobalSection
	GlobalSection(ExtensibilityGlobals) = postSolution
		SolutionGuid = {DBA5A9B3-50A9-4460-99C3-BD060B571A2A}
	EndGlobalSection
EndGlobal
