
Microsoft Visual Studio Solution File, Format Version 12.00
# Visual Studio Version 17
VisualStudioVersion = 17.4.33103.184
MinimumVisualStudioVersion = 10.0.40219.1
Project("{FAE04EC0-301F-11D3-BF4B-00C04F79EFBC}") = "ConsoleOptimizandoMetodos", "ConsoleOptimizandoMetodos\ConsoleOptimizandoMetodos.csproj", "{0DD2BBA3-7232-43B4-8C58-015FB66CDA25}"
EndProject
Global
	GlobalSection(SolutionConfigurationPlatforms) = preSolution
		Debug|Any CPU = Debug|Any CPU
		Release|Any CPU = Release|Any CPU
	EndGlobalSection
	GlobalSection(ProjectConfigurationPlatforms) = postSolution
		{0DD2BBA3-7232-43B4-8C58-015FB66CDA25}.Debug|Any CPU.ActiveCfg = Debug|Any CPU
		{0DD2BBA3-7232-43B4-8C58-015FB66CDA25}.Debug|Any CPU.Build.0 = Debug|Any CPU
		{0DD2BBA3-7232-43B4-8C58-015FB66CDA25}.Release|Any CPU.ActiveCfg = Release|Any CPU
		{0DD2BBA3-7232-43B4-8C58-015FB66CDA25}.Release|Any CPU.Build.0 = Release|Any CPU
	EndGlobalSection
	GlobalSection(SolutionProperties) = preSolution
		HideSolutionNode = FALSE
	EndGlobalSection
	GlobalSection(ExtensibilityGlobals) = postSolution
		SolutionGuid = {CD02E1C5-0E71-4266-BF90-180F07F87382}
	EndGlobalSection
EndGlobal
