
Microsoft Visual Studio Solution File, Format Version 12.00
# Visual Studio Version 17
VisualStudioVersion = 17.4.33103.184
MinimumVisualStudioVersion = 10.0.40219.1
Project("{FAE04EC0-301F-11D3-BF4B-00C04F79EFBC}") = "ConsoleIfPractica", "ConsoleIfPractica\ConsoleIfPractica.csproj", "{0FD5CB9F-DCA4-420A-8C38-3724ADF4083B}"
EndProject
Global
	GlobalSection(SolutionConfigurationPlatforms) = preSolution
		Debug|Any CPU = Debug|Any CPU
		Release|Any CPU = Release|Any CPU
	EndGlobalSection
	GlobalSection(ProjectConfigurationPlatforms) = postSolution
		{0FD5CB9F-DCA4-420A-8C38-3724ADF4083B}.Debug|Any CPU.ActiveCfg = Debug|Any CPU
		{0FD5CB9F-DCA4-420A-8C38-3724ADF4083B}.Debug|Any CPU.Build.0 = Debug|Any CPU
		{0FD5CB9F-DCA4-420A-8C38-3724ADF4083B}.Release|Any CPU.ActiveCfg = Release|Any CPU
		{0FD5CB9F-DCA4-420A-8C38-3724ADF4083B}.Release|Any CPU.Build.0 = Release|Any CPU
	EndGlobalSection
	GlobalSection(SolutionProperties) = preSolution
		HideSolutionNode = FALSE
	EndGlobalSection
	GlobalSection(ExtensibilityGlobals) = postSolution
		SolutionGuid = {A5C268E9-E048-4D94-B696-60CCB699320E}
	EndGlobalSection
EndGlobal
