
Microsoft Visual Studio Solution File, Format Version 12.00
# Visual Studio Version 17
VisualStudioVersion = 17.4.33103.184
MinimumVisualStudioVersion = 10.0.40219.1
Project("{FAE04EC0-301F-11D3-BF4B-00C04F79EFBC}") = "EjemploConList", "EjemploConList\EjemploConList.csproj", "{D3C52F02-1097-4950-9511-CE59EE12DBE9}"
EndProject
Global
	GlobalSection(SolutionConfigurationPlatforms) = preSolution
		Debug|Any CPU = Debug|Any CPU
		Release|Any CPU = Release|Any CPU
	EndGlobalSection
	GlobalSection(ProjectConfigurationPlatforms) = postSolution
		{D3C52F02-1097-4950-9511-CE59EE12DBE9}.Debug|Any CPU.ActiveCfg = Debug|Any CPU
		{D3C52F02-1097-4950-9511-CE59EE12DBE9}.Debug|Any CPU.Build.0 = Debug|Any CPU
		{D3C52F02-1097-4950-9511-CE59EE12DBE9}.Release|Any CPU.ActiveCfg = Release|Any CPU
		{D3C52F02-1097-4950-9511-CE59EE12DBE9}.Release|Any CPU.Build.0 = Release|Any CPU
	EndGlobalSection
	GlobalSection(SolutionProperties) = preSolution
		HideSolutionNode = FALSE
	EndGlobalSection
	GlobalSection(ExtensibilityGlobals) = postSolution
		SolutionGuid = {BF2F081F-B7AA-424D-B0F7-F5B192CA9989}
	EndGlobalSection
EndGlobal
